# This file is automatically @generated by Cargo.
# It is not intended for manual editing.
version = 4

[[package]]
name = "anyhow"
version = "1.0.100"
source = "registry+https://github.com/rust-lang/crates.io-index"
checksum = "a23eb6b1614318a8071c9b2521f36b424b2c83db5eb3a0fead4a6c0809af6e61"

[[package]]
name = "equivalent"
version = "1.0.2"
source = "registry+https://github.com/rust-lang/crates.io-index"
checksum = "877a4ace8713b0bcf2a4e7eec82529c029f1d0619886d18145fea96c3ffe5c0f"

[[package]]
name = "hashbrown"
version = "0.16.0"
source = "registry+https://github.com/rust-lang/crates.io-index"
checksum = "5419bdc4f6a9207fbeba6d11b604d481addf78ecd10c11ad51e76c2f6482748d"

[[package]]
name = "indexmap"
version = "2.11.4"
source = "registry+https://github.com/rust-lang/crates.io-index"
checksum = "4b0f83760fb341a774ed326568e19f5a863af4a952def8c39f9ab92fd95b88e5"
dependencies = [
 "equivalent",
 "hashbrown",
]

[[package]]
name = "itoa"
version = "1.0.14"
source = "registry+https://github.com/rust-lang/crates.io-index"
checksum = "d75a2a4b1b190afb6f5425f10f6a8f959d2ea0b9c2b1d79553551850539e4674"

[[package]]
name = "libyml"
version = "0.0.5"
source = "registry+https://github.com/rust-lang/crates.io-index"
checksum = "3302702afa434ffa30847a83305f0a69d6abd74293b6554c18ec85c7ef30c980"
dependencies = [
 "anyhow",
 "version_check",
]

[[package]]
name = "memchr"
version = "2.7.4"
source = "registry+https://github.com/rust-lang/crates.io-index"
checksum = "78ca9ab1a0babb1e7d5695e3530886289c18cf2f87ec19a575a0abdce112e3a3"

[[package]]
name = "morphix"
version = "0.1.1"
dependencies = [
 "morphix",
 "morphix_derive",
 "serde",
 "serde_json",
 "serde_yml",
]

[[package]]
name = "morphix_derive"
version = "0.1.0"
dependencies = [
 "morphix",
 "proc-macro2",
 "quote",
 "serde",
 "serde_json",
 "syn",
]

[[package]]
name = "proc-macro2"
version = "1.0.101"
source = "registry+https://github.com/rust-lang/crates.io-index"
checksum = "89ae43fd86e4158d6db51ad8e2b80f313af9cc74f5c0e03ccb87de09998732de"
dependencies = [
 "unicode-ident",
]

[[package]]
name = "quote"
version = "1.0.41"
source = "registry+https://github.com/rust-lang/crates.io-index"
checksum = "ce25767e7b499d1b604768e7cde645d14cc8584231ea6b295e9c9eb22c02e1d1"
dependencies = [
 "proc-macro2",
]

[[package]]
name = "ryu"
version = "1.0.19"
source = "registry+https://github.com/rust-lang/crates.io-index"
checksum = "6ea1a2d0a644769cc99faa24c3ad26b379b786fe7c36fd3c546254801650e6dd"

[[package]]
name = "serde"
version = "1.0.228"
source = "registry+https://github.com/rust-lang/crates.io-index"
checksum = "9a8e94ea7f378bd32cbbd37198a4a91436180c5bb472411e48b5ec2e2124ae9e"
dependencies = [
 "serde_core",
 "serde_derive",
]

[[package]]
name = "serde_core"
version = "1.0.228"
source = "registry+https://github.com/rust-lang/crates.io-index"
checksum = "41d385c7d4ca58e59fc732af25c3983b67ac852c1a25000afe1175de458b67ad"
dependencies = [
 "serde_derive",
]

[[package]]
name = "serde_derive"
version = "1.0.228"
source = "registry+https://github.com/rust-lang/crates.io-index"
checksum = "d540f220d3187173da220f885ab66608367b6574e925011a9353e4badda91d79"
dependencies = [
 "proc-macro2",
 "quote",
 "syn",
]

[[package]]
name = "serde_json"
version = "1.0.145"
source = "registry+https://github.com/rust-lang/crates.io-index"
checksum = "402a6f66d8c709116cf22f558eab210f5a50187f702eb4d7e5ef38d9a7f1c79c"
dependencies = [
 "itoa",
 "memchr",
 "ryu",
 "serde",
 "serde_core",
]

[[package]]
name = "serde_yml"
version = "0.0.12"
source = "registry+https://github.com/rust-lang/crates.io-index"
checksum = "59e2dd588bf1597a252c3b920e0143eb99b0f76e4e082f4c92ce34fbc9e71ddd"
dependencies = [
 "indexmap",
 "itoa",
 "libyml",
 "memchr",
 "ryu",
 "serde",
 "version_check",
]

[[package]]
name = "syn"
version = "2.0.106"
source = "registry+https://github.com/rust-lang/crates.io-index"
checksum = "ede7c438028d4436d71104916910f5bb611972c5cfd7f89b8300a8186e6fada6"
dependencies = [
 "proc-macro2",
 "quote",
 "unicode-ident",
]

[[package]]
name = "unicode-ident"
version = "1.0.16"
source = "registry+https://github.com/rust-lang/crates.io-index"
checksum = "a210d160f08b701c8721ba1c726c11662f877ea6b7094007e1ca9a1041945034"

[[package]]
name = "version_check"
version = "0.9.5"
source = "registry+https://github.com/rust-lang/crates.io-index"
checksum = "0b928f33d975fc6ad9f86c8f283853ad26bdd5b10b7f1542aa2fa15e2289105a"
